
Microsoft Visual Studio Solution File, Format Version 12.00
# Visual Studio 15
VisualStudioVersion = 15.0.26730.16
MinimumVisualStudioVersion = 10.0.40219.1
Project("{FAE04EC0-301F-11D3-BF4B-00C04F79EFBC}") = "Laborator", "Laborator\Laborator.csproj", "{0AF73F95-ECD1-47CC-8934-B3FD64AC7C02}"
EndProject
Global
	GlobalSection(SolutionConfigurationPlatforms) = preSolution
		Debug|Any CPU = Debug|Any CPU
		Release|Any CPU = Release|Any CPU
	EndGlobalSection
	GlobalSection(ProjectConfigurationPlatforms) = postSolution
		{0AF73F95-ECD1-47CC-8934-B3FD64AC7C02}.Debug|Any CPU.ActiveCfg = Debug|Any CPU
		{0AF73F95-ECD1-47CC-8934-B3FD64AC7C02}.Debug|Any CPU.Build.0 = Debug|Any CPU
		{0AF73F95-ECD1-47CC-8934-B3FD64AC7C02}.Release|Any CPU.ActiveCfg = Release|Any CPU
		{0AF73F95-ECD1-47CC-8934-B3FD64AC7C02}.Release|Any CPU.Build.0 = Release|Any CPU
	EndGlobalSection
	GlobalSection(SolutionProperties) = preSolution
		HideSolutionNode = FALSE
	EndGlobalSection
	GlobalSection(ExtensibilityGlobals) = postSolution
		SolutionGuid = {397AB95E-AED1-474D-96E6-6E5AA0D441D0}
	EndGlobalSection
EndGlobal
